
Microsoft Visual Studio Solution File, Format Version 12.00
# Visual Studio Version 17
VisualStudioVersion = 17.9.34728.123
MinimumVisualStudioVersion = 10.0.40219.1
Project("{FAE04EC0-301F-11D3-BF4B-00C04F79EFBC}") = "Zainab Dubai", "Zainab Dubai.csproj", "{8DA22A07-7C20-4375-82CC-13FFD3827457}"
EndProject
Global
	GlobalSection(SolutionConfigurationPlatforms) = preSolution
		Debug|Any CPU = Debug|Any CPU
		Release|Any CPU = Release|Any CPU
	EndGlobalSection
	GlobalSection(ProjectConfigurationPlatforms) = postSolution
		{8DA22A07-7C20-4375-82CC-13FFD3827457}.Debug|Any CPU.ActiveCfg = Debug|Any CPU
		{8DA22A07-7C20-4375-82CC-13FFD3827457}.Debug|Any CPU.Build.0 = Debug|Any CPU
		{8DA22A07-7C20-4375-82CC-13FFD3827457}.Release|Any CPU.ActiveCfg = Release|Any CPU
		{8DA22A07-7C20-4375-82CC-13FFD3827457}.Release|Any CPU.Build.0 = Release|Any CPU
	EndGlobalSection
	GlobalSection(SolutionProperties) = preSolution
		HideSolutionNode = FALSE
	EndGlobalSection
	GlobalSection(ExtensibilityGlobals) = postSolution
		SolutionGuid = {433FC96C-60AA-4E51-8AE8-438C8F687338}
	EndGlobalSection
EndGlobal
